// !$*UTF8*$!
{
	archiveVersion = 1;
	classes = {
	};
	objectVersion = 56;
	objects = {

/* Begin PBXBuildFile section */
		340B0D362A85220B00BE4DDD /* WeatherModelForView.swift in Sources */ = {isa = PBXBuildFile; fileRef = 340B0D352A85220B00BE4DDD /* WeatherModelForView.swift */; };
		340B0D382A85238100BE4DDD /* WeatherModelMapper.swift in Sources */ = {isa = PBXBuildFile; fileRef = 340B0D372A85238100BE4DDD /* WeatherModelMapper.swift */; };
		340B0D3C2A8531B700BE4DDD /* RemoteDataSource.swift in Sources */ = {isa = PBXBuildFile; fileRef = 340B0D3B2A8531B700BE4DDD /* RemoteDataSource.swift */; };
		340EDDA92A851D0E00C21210 /* CustomModifier.swift in Sources */ = {isa = PBXBuildFile; fileRef = 340EDDA82A851D0E00C21210 /* CustomModifier.swift */; };
		3499DEAD2A83E61800116400 /* WeatherAsyncApp.swift in Sources */ = {isa = PBXBuildFile; fileRef = 3499DEAC2A83E61800116400 /* WeatherAsyncApp.swift */; };
		3499DEAF2A83E61800116400 /* ContentView.swift in Sources */ = {isa = PBXBuildFile; fileRef = 3499DEAE2A83E61800116400 /* ContentView.swift */; };
		3499DEB12A83E61B00116400 /* Assets.xcassets in Resources */ = {isa = PBXBuildFile; fileRef = 3499DEB02A83E61B00116400 /* Assets.xcassets */; };
		3499DEB42A83E61B00116400 /* Preview Assets.xcassets in Resources */ = {isa = PBXBuildFile; fileRef = 3499DEB32A83E61B00116400 /* Preview Assets.xcassets */; };
		3499DEBB2A83E8B800116400 /* WeatherResponseDataModel.swift in Sources */ = {isa = PBXBuildFile; fileRef = 3499DEBA2A83E8B800116400 /* WeatherResponseDataModel.swift */; };
		3499DEBE2A83EB3800116400 /* WeatherViewModel.swift in Sources */ = {isa = PBXBuildFile; fileRef = 3499DEBD2A83EB3800116400 /* WeatherViewModel.swift */; };
/* End PBXBuildFile section */

/* Begin PBXFileReference section */
		340B0D352A85220B00BE4DDD /* WeatherModelForView.swift */ = {isa = PBXFileReference; lastKnownFileType = sourcecode.swift; path = WeatherModelForView.swift; sourceTree = "<group>"; };
		340B0D372A85238100BE4DDD /* WeatherModelMapper.swift */ = {isa = PBXFileReference; lastKnownFileType = sourcecode.swift; path = WeatherModelMapper.swift; sourceTree = "<group>"; };
		340B0D3B2A8531B700BE4DDD /* RemoteDataSource.swift */ = {isa = PBXFileReference; lastKnownFileType = sourcecode.swift; path = RemoteDataSource.swift; sourceTree = "<group>"; };
		340EDDA82A851D0E00C21210 /* CustomModifier.swift */ = {isa = PBXFileReference; lastKnownFileType = sourcecode.swift; path = CustomModifier.swift; sourceTree = "<group>"; };
		3499DEA92A83E61800116400 /* WeatherAsync.app */ = {isa = PBXFileReference; explicitFileType = wrapper.application; includeInIndex = 0; path = WeatherAsync.app; sourceTree = BUILT_PRODUCTS_DIR; };
		3499DEAC2A83E61800116400 /* WeatherAsyncApp.swift */ = {isa = PBXFileReference; lastKnownFileType = sourcecode.swift; path = WeatherAsyncApp.swift; sourceTree = "<group>"; };
		3499DEAE2A83E61800116400 /* ContentView.swift */ = {isa = PBXFileReference; lastKnownFileType = sourcecode.swift; path = ContentView.swift; sourceTree = "<group>"; };
		3499DEB02A83E61B00116400 /* Assets.xcassets */ = {isa = PBXFileReference; lastKnownFileType = folder.assetcatalog; path = Assets.xcassets; sourceTree = "<group>"; };
		3499DEB32A83E61B00116400 /* Preview Assets.xcassets */ = {isa = PBXFileReference; lastKnownFileType = folder.assetcatalog; path = "Preview Assets.xcassets"; sourceTree = "<group>"; };
		3499DEBA2A83E8B800116400 /* WeatherResponseDataModel.swift */ = {isa = PBXFileReference; lastKnownFileType = sourcecode.swift; path = WeatherResponseDataModel.swift; sourceTree = "<group>"; };
		3499DEBD2A83EB3800116400 /* WeatherViewModel.swift */ = {isa = PBXFileReference; lastKnownFileType = sourcecode.swift; path = WeatherViewModel.swift; sourceTree = "<group>"; };
		3499DEBF2A83EDCC00116400 /* Info.plist */ = {isa = PBXFileReference; lastKnownFileType = text.plist; path = Info.plist; sourceTree = "<group>"; };
/* End PBXFileReference section */

/* Begin PBXFrameworksBuildPhase section */
		3499DEA62A83E61800116400 /* Frameworks */ = {
			isa = PBXFrameworksBuildPhase;
			buildActionMask = 2147483647;
			files = (
			);
			runOnlyForDeploymentPostprocessing = 0;
		};
/* End PBXFrameworksBuildPhase section */

/* Begin PBXGroup section */
		340B0D3D2A853BD300BE4DDD /* ViewModel */ = {
			isa = PBXGroup;
			children = (
				3499DEBD2A83EB3800116400 /* WeatherViewModel.swift */,
			);
			path = ViewModel;
			sourceTree = "<group>";
		};
		340B0D3E2A853BDB00BE4DDD /* View */ = {
			isa = PBXGroup;
			children = (
				3499DEAE2A83E61800116400 /* ContentView.swift */,
			);
			path = View;
			sourceTree = "<group>";
		};
		340EDDAA2A851D1600C21210 /* Utils */ = {
			isa = PBXGroup;
			children = (
				340EDDA82A851D0E00C21210 /* CustomModifier.swift */,
				340B0D372A85238100BE4DDD /* WeatherModelMapper.swift */,
				340B0D3B2A8531B700BE4DDD /* RemoteDataSource.swift */,
			);
			path = Utils;
			sourceTree = "<group>";
		};
		3499DEA02A83E61700116400 = {
			isa = PBXGroup;
			children = (
				3499DEAB2A83E61800116400 /* WeatherAsync */,
				3499DEAA2A83E61800116400 /* Products */,
			);
			sourceTree = "<group>";
		};
		3499DEAA2A83E61800116400 /* Products */ = {
			isa = PBXGroup;
			children = (
				3499DEA92A83E61800116400 /* WeatherAsync.app */,
			);
			name = Products;
			sourceTree = "<group>";
		};
		3499DEAB2A83E61800116400 /* WeatherAsync */ = {
			isa = PBXGroup;
			children = (
				3499DEBF2A83EDCC00116400 /* Info.plist */,
				3499DEAC2A83E61800116400 /* WeatherAsyncApp.swift */,
				3499DEBC2A83EB0500116400 /* Model */,
				340B0D3E2A853BDB00BE4DDD /* View */,
				340B0D3D2A853BD300BE4DDD /* ViewModel */,
				340EDDAA2A851D1600C21210 /* Utils */,
				3499DEB02A83E61B00116400 /* Assets.xcassets */,
				3499DEB22A83E61B00116400 /* Preview Content */,
			);
			path = WeatherAsync;
			sourceTree = "<group>";
		};
		3499DEB22A83E61B00116400 /* Preview Content */ = {
			isa = PBXGroup;
			children = (
				3499DEB32A83E61B00116400 /* Preview Assets.xcassets */,
			);
			path = "Preview Content";
			sourceTree = "<group>";
		};
		3499DEBC2A83EB0500116400 /* Model */ = {
			isa = PBXGroup;
			children = (
				3499DEBA2A83E8B800116400 /* WeatherResponseDataModel.swift */,
				340B0D352A85220B00BE4DDD /* WeatherModelForView.swift */,
			);
			path = Model;
			sourceTree = "<group>";
		};
/* End PBXGroup section */

/* Begin PBXNativeTarget section */
		3499DEA82A83E61800116400 /* WeatherAsync */ = {
			isa = PBXNativeTarget;
			buildConfigurationList = 3499DEB72A83E61B00116400 /* Build configuration list for PBXNativeTarget "WeatherAsync" */;
			buildPhases = (
				3499DEA52A83E61800116400 /* Sources */,
				3499DEA62A83E61800116400 /* Frameworks */,
				3499DEA72A83E61800116400 /* Resources */,
			);
			buildRules = (
			);
			dependencies = (
			);
			name = WeatherAsync;
			productName = WeatherAsync;
			productReference = 3499DEA92A83E61800116400 /* WeatherAsync.app */;
			productType = "com.apple.product-type.application";
		};
/* End PBXNativeTarget section */

/* Begin PBXProject section */
		3499DEA12A83E61700116400 /* Project object */ = {
			isa = PBXProject;
			attributes = {
				BuildIndependentTargetsInParallel = 1;
				LastSwiftUpdateCheck = 1430;
				LastUpgradeCheck = 1430;
				TargetAttributes = {
					3499DEA82A83E61800116400 = {
						CreatedOnToolsVersion = 14.3.1;
					};
				};
			};
			buildConfigurationList = 3499DEA42A83E61700116400 /* Build configuration list for PBXProject "WeatherAsync" */;
			compatibilityVersion = "Xcode 14.0";
			developmentRegion = en;
			hasScannedForEncodings = 0;
			knownRegions = (
				en,
				Base,
			);
			mainGroup = 3499DEA02A83E61700116400;
			productRefGroup = 3499DEAA2A83E61800116400 /* Products */;
			projectDirPath = "";
			projectRoot = "";
			targets = (
				3499DEA82A83E61800116400 /* WeatherAsync */,
			);
		};
/* End PBXProject section */

/* Begin PBXResourcesBuildPhase section */
		3499DEA72A83E61800116400 /* Resources */ = {
			isa = PBXResourcesBuildPhase;
			buildActionMask = 2147483647;
			files = (
				3499DEB42A83E61B00116400 /* Preview Assets.xcassets in Resources */,
				3499DEB12A83E61B00116400 /* Assets.xcassets in Resources */,
			);
			runOnlyForDeploymentPostprocessing = 0;
		};
/* End PBXResourcesBuildPhase section */

/* Begin PBXSourcesBuildPhase section */
		3499DEA52A83E61800116400 /* Sources */ = {
			isa = PBXSourcesBuildPhase;
			buildActionMask = 2147483647;
			files = (
				340B0D3C2A8531B700BE4DDD /* RemoteDataSource.swift in Sources */,
				3499DEAF2A83E61800116400 /* ContentView.swift in Sources */,
				340EDDA92A851D0E00C21210 /* CustomModifier.swift in Sources */,
				340B0D382A85238100BE4DDD /* WeatherModelMapper.swift in Sources */,
				3499DEBE2A83EB3800116400 /* WeatherViewModel.swift in Sources */,
				340B0D362A85220B00BE4DDD /* WeatherModelForView.swift in Sources */,
				3499DEBB2A83E8B800116400 /* WeatherResponseDataModel.swift in Sources */,
				3499DEAD2A83E61800116400 /* WeatherAsyncApp.swift in Sources */,
			);
			runOnlyForDeploymentPostprocessing = 0;
		};
/* End PBXSourcesBuildPhase section */

/* Begin XCBuildConfiguration section */
		3499DEB52A83E61B00116400 /* Debug */ = {
			isa = XCBuildConfiguration;
			buildSettings = {
				ALWAYS_SEARCH_USER_PATHS = NO;
				CLANG_ANALYZER_NONNULL = YES;
				CLANG_ANALYZER_NUMBER_OBJECT_CONVERSION = YES_AGGRESSIVE;
				CLANG_CXX_LANGUAGE_STANDARD = "gnu++20";
				CLANG_ENABLE_MODULES = YES;
				CLANG_ENABLE_OBJC_ARC = YES;
				CLANG_ENABLE_OBJC_WEAK = YES;
				CLANG_WARN_BLOCK_CAPTURE_AUTORELEASING = YES;
				CLANG_WARN_BOOL_CONVERSION = YES;
				CLANG_WARN_COMMA = YES;
				CLANG_WARN_CONSTANT_CONVERSION = YES;
				CLANG_WARN_DEPRECATED_OBJC_IMPLEMENTATIONS = YES;
				CLANG_WARN_DIRECT_OBJC_ISA_USAGE = YES_ERROR;
				CLANG_WARN_DOCUMENTATION_COMMENTS = YES;
				CLANG_WARN_EMPTY_BODY = YES;
				CLANG_WARN_ENUM_CONVERSION = YES;
				CLANG_WARN_INFINITE_RECURSION = YES;
				CLANG_WARN_INT_CONVERSION = YES;
				CLANG_WARN_NON_LITERAL_NULL_CONVERSION = YES;
				CLANG_WARN_OBJC_IMPLICIT_RETAIN_SELF = YES;
				CLANG_WARN_OBJC_LITERAL_CONVERSION = YES;
				CLANG_WARN_OBJC_ROOT_CLASS = YES_ERROR;
				CLANG_WARN_QUOTED_INCLUDE_IN_FRAMEWORK_HEADER = YES;
				CLANG_WARN_RANGE_LOOP_ANALYSIS = YES;
				CLANG_WARN_STRICT_PROTOTYPES = YES;
				CLANG_WARN_SUSPICIOUS_MOVE = YES;
				CLANG_WARN_UNGUARDED_AVAILABILITY = YES_AGGRESSIVE;
				CLANG_WARN_UNREACHABLE_CODE = YES;
				CLANG_WARN__DUPLICATE_METHOD_MATCH = YES;
				COPY_PHASE_STRIP = NO;
				DEBUG_INFORMATION_FORMAT = dwarf;
				ENABLE_STRICT_OBJC_MSGSEND = YES;
				ENABLE_TESTABILITY = YES;
				GCC_C_LANGUAGE_STANDARD = gnu11;
				GCC_DYNAMIC_NO_PIC = NO;
				GCC_NO_COMMON_BLOCKS = YES;
				GCC_OPTIMIZATION_LEVEL = 0;
				GCC_PREPROCESSOR_DEFINITIONS = (
					"DEBUG=1",
					"$(inherited)",
				);
				GCC_WARN_64_TO_32_BIT_CONVERSION = YES;
				GCC_WARN_ABOUT_RETURN_TYPE = YES_ERROR;
				GCC_WARN_UNDECLARED_SELECTOR = YES;
				GCC_WARN_UNINITIALIZED_AUTOS = YES_AGGRESSIVE;
				GCC_WARN_UNUSED_FUNCTION = YES;
				GCC_WARN_UNUSED_VARIABLE = YES;
				IPHONEOS_DEPLOYMENT_TARGET = 16.4;
				MTL_ENABLE_DEBUG_INFO = INCLUDE_SOURCE;
				MTL_FAST_MATH = YES;
				ONLY_ACTIVE_ARCH = YES;
				SDKROOT = iphoneos;
				SWIFT_ACTIVE_COMPILATION_CONDITIONS = DEBUG;
				SWIFT_OPTIMIZATION_LEVEL = "-Onone";
			};
			name = Debug;
		};
		3499DEB62A83E61B00116400 /* Release */ = {
			isa = XCBuildConfiguration;
			buildSettings = {
				ALWAYS_SEARCH_USER_PATHS = NO;
				CLANG_ANALYZER_NONNULL = YES;
				CLANG_ANALYZER_NUMBER_OBJECT_CONVERSION = YES_AGGRESSIVE;
				CLANG_CXX_LANGUAGE_STANDARD = "gnu++20";
				CLANG_ENABLE_MODULES = YES;
				CLANG_ENABLE_OBJC_ARC = YES;
				CLANG_ENABLE_OBJC_WEAK = YES;
				CLANG_WARN_BLOCK_CAPTURE_AUTORELEASING = YES;
				CLANG_WARN_BOOL_CONVERSION = YES;
				CLANG_WARN_COMMA = YES;
				CLANG_WARN_CONSTANT_CONVERSION = YES;
				CLANG_WARN_DEPRECATED_OBJC_IMPLEMENTATIONS = YES;
				CLANG_WARN_DIRECT_OBJC_ISA_USAGE = YES_ERROR;
				CLANG_WARN_DOCUMENTATION_COMMENTS = YES;
				CLANG_WARN_EMPTY_BODY = YES;
				CLANG_WARN_ENUM_CONVERSION = YES;
				CLANG_WARN_INFINITE_RECURSION = YES;
				CLANG_WARN_INT_CONVERSION = YES;
				CLANG_WARN_NON_LITERAL_NULL_CONVERSION = YES;
				CLANG_WARN_OBJC_IMPLICIT_RETAIN_SELF = YES;
				CLANG_WARN_OBJC_LITERAL_CONVERSION = YES;
				CLANG_WARN_OBJC_ROOT_CLASS = YES_ERROR;
				CLANG_WARN_QUOTED_INCLUDE_IN_FRAMEWORK_HEADER = YES;
				CLANG_WARN_RANGE_LOOP_ANALYSIS = YES;
				CLANG_WARN_STRICT_PROTOTYPES = YES;
				CLANG_WARN_SUSPICIOUS_MOVE = YES;
				CLANG_WARN_UNGUARDED_AVAILABILITY = YES_AGGRESSIVE;
				CLANG_WARN_UNREACHABLE_CODE = YES;
				CLANG_WARN__DUPLICATE_METHOD_MATCH = YES;
				COPY_PHASE_STRIP = NO;
				DEBUG_INFORMATION_FORMAT = "dwarf-with-dsym";
				ENABLE_NS_ASSERTIONS = NO;
				ENABLE_STRICT_OBJC_MSGSEND = YES;
				GCC_C_LANGUAGE_STANDARD = gnu11;
				GCC_NO_COMMON_BLOCKS = YES;
				GCC_WARN_64_TO_32_BIT_CONVERSION = YES;
				GCC_WARN_ABOUT_RETURN_TYPE = YES_ERROR;
				GCC_WARN_UNDECLARED_SELECTOR = YES;
				GCC_WARN_UNINITIALIZED_AUTOS = YES_AGGRESSIVE;
				GCC_WARN_UNUSED_FUNCTION = YES;
				GCC_WARN_UNUSED_VARIABLE = YES;
				IPHONEOS_DEPLOYMENT_TARGET = 16.4;
				MTL_ENABLE_DEBUG_INFO = NO;
				MTL_FAST_MATH = YES;
				SDKROOT = iphoneos;
				SWIFT_COMPILATION_MODE = wholemodule;
				SWIFT_OPTIMIZATION_LEVEL = "-O";
				VALIDATE_PRODUCT = YES;
			};
			name = Release;
		};
		3499DEB82A83E61B00116400 /* Debug */ = {
			isa = XCBuildConfiguration;
			buildSettings = {
				ASSETCATALOG_COMPILER_APPICON_NAME = AppIcon;
				ASSETCATALOG_COMPILER_GLOBAL_ACCENT_COLOR_NAME = AccentColor;
				CODE_SIGN_STYLE = Automatic;
				CURRENT_PROJECT_VERSION = 1;
				DEVELOPMENT_ASSET_PATHS = "\"WeatherAsync/Preview Content\"";
				DEVELOPMENT_TEAM = 4XAMG487KR;
				ENABLE_PREVIEWS = YES;
				GENERATE_INFOPLIST_FILE = YES;
				INFOPLIST_FILE = WeatherAsync/Info.plist;
				INFOPLIST_KEY_UIApplicationSceneManifest_Generation = YES;
				INFOPLIST_KEY_UIApplicationSupportsIndirectInputEvents = YES;
				INFOPLIST_KEY_UILaunchScreen_Generation = YES;
				INFOPLIST_KEY_UISupportedInterfaceOrientations_iPad = "UIInterfaceOrientationPortrait UIInterfaceOrientationPortraitUpsideDown UIInterfaceOrientationLandscapeLeft UIInterfaceOrientationLandscapeRight";
				INFOPLIST_KEY_UISupportedInterfaceOrientations_iPhone = "UIInterfaceOrientationPortrait UIInterfaceOrientationLandscapeLeft UIInterfaceOrientationLandscapeRight";
				LD_RUNPATH_SEARCH_PATHS = (
					"$(inherited)",
					"@executable_path/Frameworks",
				);
				MARKETING_VERSION = 1.0;
				PRODUCT_BUNDLE_IDENTIFIER = com.quarantasis.WeatherAsync;
				PRODUCT_NAME = "$(TARGET_NAME)";
				SWIFT_EMIT_LOC_STRINGS = YES;
				SWIFT_VERSION = 5.0;
				TARGETED_DEVICE_FAMILY = "1,2";
			};
			name = Debug;
		};
		3499DEB92A83E61B00116400 /* Release */ = {
			isa = XCBuildConfiguration;
			buildSettings = {
				ASSETCATALOG_COMPILER_APPICON_NAME = AppIcon;
				ASSETCATALOG_COMPILER_GLOBAL_ACCENT_COLOR_NAME = AccentColor;
				CODE_SIGN_STYLE = Automatic;
				CURRENT_PROJECT_VERSION = 1;
				DEVELOPMENT_ASSET_PATHS = "\"WeatherAsync/Preview Content\"";
				DEVELOPMENT_TEAM = 4XAMG487KR;
				ENABLE_PREVIEWS = YES;
				GENERATE_INFOPLIST_FILE = YES;
				INFOPLIST_FILE = WeatherAsync/Info.plist;
				INFOPLIST_KEY_UIApplicationSceneManifest_Generation = YES;
				INFOPLIST_KEY_UIApplicationSupportsIndirectInputEvents = YES;
				INFOPLIST_KEY_UILaunchScreen_Generation = YES;
				INFOPLIST_KEY_UISupportedInterfaceOrientations_iPad = "UIInterfaceOrientationPortrait UIInterfaceOrientationPortraitUpsideDown UIInterfaceOrientationLandscapeLeft UIInterfaceOrientationLandscapeRight";
				INFOPLIST_KEY_UISupportedInterfaceOrientations_iPhone = "UIInterfaceOrientationPortrait UIInterfaceOrientationLandscapeLeft UIInterfaceOrientationLandscapeRight";
				LD_RUNPATH_SEARCH_PATHS = (
					"$(inherited)",
					"@executable_path/Frameworks",
				);
				MARKETING_VERSION = 1.0;
				PRODUCT_BUNDLE_IDENTIFIER = com.quarantasis.WeatherAsync;
				PRODUCT_NAME = "$(TARGET_NAME)";
				SWIFT_EMIT_LOC_STRINGS = YES;
				SWIFT_VERSION = 5.0;
				TARGETED_DEVICE_FAMILY = "1,2";
			};
			name = Release;
		};
/* End XCBuildConfiguration section */

/* Begin XCConfigurationList section */
		3499DEA42A83E61700116400 /* Build configuration list for PBXProject "WeatherAsync" */ = {
			isa = XCConfigurationList;
			buildConfigurations = (
				3499DEB52A83E61B00116400 /* Debug */,
				3499DEB62A83E61B00116400 /* Release */,
			);
			defaultConfigurationIsVisible = 0;
			defaultConfigurationName = Release;
		};
		3499DEB72A83E61B00116400 /* Build configuration list for PBXNativeTarget "WeatherAsync" */ = {
			isa = XCConfigurationList;
			buildConfigurations = (
				3499DEB82A83E61B00116400 /* Debug */,
				3499DEB92A83E61B00116400 /* Release */,
			);
			defaultConfigurationIsVisible = 0;
			defaultConfigurationName = Release;
		};
/* End XCConfigurationList section */
	};
	rootObject = 3499DEA12A83E61700116400 /* Project object */;
}
